// !$*UTF8*$!
{
	archiveVersion = 1;
	classes = {
	};
	objectVersion = 46;
	objects = {

/* Begin PBXBuildFile section */
		EB7177F81BD1F0CA00B56B3E /* AppDelegate.swift in Sources */ = {isa = PBXBuildFile; fileRef = EB7177F71BD1F0CA00B56B3E /* AppDelegate.swift */; };
		EB7177FA1BD1F0CA00B56B3E /* P2ViewController.swift in Sources */ = {isa = PBXBuildFile; fileRef = EB7177F91BD1F0CA00B56B3E /* P2ViewController.swift */; };
		EB7177FD1BD1F0CA00B56B3E /* Main.storyboard in Resources */ = {isa = PBXBuildFile; fileRef = EB7177FB1BD1F0CA00B56B3E /* Main.storyboard */; };
		EB7177FF1BD1F0CA00B56B3E /* Assets.xcassets in Resources */ = {isa = PBXBuildFile; fileRef = EB7177FE1BD1F0CA00B56B3E /* Assets.xcassets */; };
		EB7178021BD1F0CA00B56B3E /* LaunchScreen.storyboard in Resources */ = {isa = PBXBuildFile; fileRef = EB7178001BD1F0CA00B56B3E /* LaunchScreen.storyboard */; };
		EB71780D1BD1F0CA00B56B3E /* P2EmailVerifierTests.swift in Sources */ = {isa = PBXBuildFile; fileRef = EB71780C1BD1F0CA00B56B3E /* P2EmailVerifierTests.swift */; };
		EB7178181BD1F0CA00B56B3E /* P2EmailVerifierUITests.swift in Sources */ = {isa = PBXBuildFile; fileRef = EB7178171BD1F0CA00B56B3E /* P2EmailVerifierUITests.swift */; };
		EB7178271BD1F16900B56B3E /* LICENCE.txt in Resources */ = {isa = PBXBuildFile; fileRef = EB7178251BD1F16900B56B3E /* LICENCE.txt */; };
		EB7178281BD1F16900B56B3E /* README.markdown in Sources */ = {isa = PBXBuildFile; fileRef = EB7178261BD1F16900B56B3E /* README.markdown */; };
		EB71783F1BD1FD5300B56B3E /* P2EmailVerifier.swift in Sources */ = {isa = PBXBuildFile; fileRef = EB71783E1BD1FD5300B56B3E /* P2EmailVerifier.swift */; };
/* End PBXBuildFile section */

/* Begin PBXContainerItemProxy section */
		EB7178091BD1F0CA00B56B3E /* PBXContainerItemProxy */ = {
			isa = PBXContainerItemProxy;
			containerPortal = EB7177EC1BD1F0CA00B56B3E /* Project object */;
			proxyType = 1;
			remoteGlobalIDString = EB7177F31BD1F0CA00B56B3E;
			remoteInfo = P2EmailVerifier;
		};
		EB7178141BD1F0CA00B56B3E /* PBXContainerItemProxy */ = {
			isa = PBXContainerItemProxy;
			containerPortal = EB7177EC1BD1F0CA00B56B3E /* Project object */;
			proxyType = 1;
			remoteGlobalIDString = EB7177F31BD1F0CA00B56B3E;
			remoteInfo = P2EmailVerifier;
		};
/* End PBXContainerItemProxy section */

/* Begin PBXFileReference section */
		EB7177F41BD1F0CA00B56B3E /* P2EmailVerifier.app */ = {isa = PBXFileReference; explicitFileType = wrapper.application; includeInIndex = 0; path = P2EmailVerifier.app; sourceTree = BUILT_PRODUCTS_DIR; };
		EB7177F71BD1F0CA00B56B3E /* AppDelegate.swift */ = {isa = PBXFileReference; lastKnownFileType = sourcecode.swift; path = AppDelegate.swift; sourceTree = "<group>"; };
		EB7177F91BD1F0CA00B56B3E /* P2ViewController.swift */ = {isa = PBXFileReference; lastKnownFileType = sourcecode.swift; path = P2ViewController.swift; sourceTree = "<group>"; };
		EB7177FC1BD1F0CA00B56B3E /* Base */ = {isa = PBXFileReference; lastKnownFileType = file.storyboard; name = Base; path = Base.lproj/Main.storyboard; sourceTree = "<group>"; };
		EB7177FE1BD1F0CA00B56B3E /* Assets.xcassets */ = {isa = PBXFileReference; lastKnownFileType = folder.assetcatalog; path = Assets.xcassets; sourceTree = "<group>"; };
		EB7178011BD1F0CA00B56B3E /* Base */ = {isa = PBXFileReference; lastKnownFileType = file.storyboard; name = Base; path = Base.lproj/LaunchScreen.storyboard; sourceTree = "<group>"; };
		EB7178031BD1F0CA00B56B3E /* Info.plist */ = {isa = PBXFileReference; lastKnownFileType = text.plist.xml; path = Info.plist; sourceTree = "<group>"; };
		EB7178081BD1F0CA00B56B3E /* P2EmailVerifierTests.xctest */ = {isa = PBXFileReference; explicitFileType = wrapper.cfbundle; includeInIndex = 0; path = P2EmailVerifierTests.xctest; sourceTree = BUILT_PRODUCTS_DIR; };
		EB71780C1BD1F0CA00B56B3E /* P2EmailVerifierTests.swift */ = {isa = PBXFileReference; lastKnownFileType = sourcecode.swift; path = P2EmailVerifierTests.swift; sourceTree = "<group>"; };
		EB71780E1BD1F0CA00B56B3E /* Info.plist */ = {isa = PBXFileReference; lastKnownFileType = text.plist.xml; path = Info.plist; sourceTree = "<group>"; };
		EB7178131BD1F0CA00B56B3E /* P2EmailVerifierUITests.xctest */ = {isa = PBXFileReference; explicitFileType = wrapper.cfbundle; includeInIndex = 0; path = P2EmailVerifierUITests.xctest; sourceTree = BUILT_PRODUCTS_DIR; };
		EB7178171BD1F0CA00B56B3E /* P2EmailVerifierUITests.swift */ = {isa = PBXFileReference; lastKnownFileType = sourcecode.swift; path = P2EmailVerifierUITests.swift; sourceTree = "<group>"; };
		EB7178191BD1F0CA00B56B3E /* Info.plist */ = {isa = PBXFileReference; lastKnownFileType = text.plist.xml; path = Info.plist; sourceTree = "<group>"; };
		EB7178251BD1F16900B56B3E /* LICENCE.txt */ = {isa = PBXFileReference; fileEncoding = 4; lastKnownFileType = text; path = LICENCE.txt; sourceTree = SOURCE_ROOT; };
		EB7178261BD1F16900B56B3E /* README.markdown */ = {isa = PBXFileReference; fileEncoding = 4; lastKnownFileType = net.daringfireball.markdown; path = README.markdown; sourceTree = SOURCE_ROOT; };
		EB71783E1BD1FD5300B56B3E /* P2EmailVerifier.swift */ = {isa = PBXFileReference; fileEncoding = 4; lastKnownFileType = sourcecode.swift; name = P2EmailVerifier.swift; path = P2EmailVerifier/P2EmailVerifier.swift; sourceTree = "<group>"; };
/* End PBXFileReference section */

/* Begin PBXFrameworksBuildPhase section */
		EB7177F11BD1F0CA00B56B3E /* Frameworks */ = {
			isa = PBXFrameworksBuildPhase;
			buildActionMask = 2147483647;
			files = (
			);
			runOnlyForDeploymentPostprocessing = 0;
		};
		EB7178051BD1F0CA00B56B3E /* Frameworks */ = {
			isa = PBXFrameworksBuildPhase;
			buildActionMask = 2147483647;
			files = (
			);
			runOnlyForDeploymentPostprocessing = 0;
		};
		EB7178101BD1F0CA00B56B3E /* Frameworks */ = {
			isa = PBXFrameworksBuildPhase;
			buildActionMask = 2147483647;
			files = (
			);
			runOnlyForDeploymentPostprocessing = 0;
		};
/* End PBXFrameworksBuildPhase section */

/* Begin PBXGroup section */
		EB7177EB1BD1F0CA00B56B3E = {
			isa = PBXGroup;
			children = (
				EB7177F61BD1F0CA00B56B3E /* P2EmailVerifier */,
				EB71780B1BD1F0CA00B56B3E /* P2EmailVerifierTests */,
				EB7178161BD1F0CA00B56B3E /* P2EmailVerifierUITests */,
				EB7177F51BD1F0CA00B56B3E /* Products */,
			);
			sourceTree = "<group>";
		};
		EB7177F51BD1F0CA00B56B3E /* Products */ = {
			isa = PBXGroup;
			children = (
				EB7177F41BD1F0CA00B56B3E /* P2EmailVerifier.app */,
				EB7178081BD1F0CA00B56B3E /* P2EmailVerifierTests.xctest */,
				EB7178131BD1F0CA00B56B3E /* P2EmailVerifierUITests.xctest */,
			);
			name = Products;
			sourceTree = "<group>";
		};
		EB7177F61BD1F0CA00B56B3E /* P2EmailVerifier */ = {
			isa = PBXGroup;
			children = (
				EB7177F71BD1F0CA00B56B3E /* AppDelegate.swift */,
				EB7177F91BD1F0CA00B56B3E /* P2ViewController.swift */,
				EB71783D1BD1FD2600B56B3E /* P2EmailVerifier */,
				EB7177FB1BD1F0CA00B56B3E /* Main.storyboard */,
				EB7178251BD1F16900B56B3E /* LICENCE.txt */,
				EB7178261BD1F16900B56B3E /* README.markdown */,
				EB7177FE1BD1F0CA00B56B3E /* Assets.xcassets */,
				EB7178001BD1F0CA00B56B3E /* LaunchScreen.storyboard */,
				EB7178031BD1F0CA00B56B3E /* Info.plist */,
			);
			path = P2EmailVerifier;
			sourceTree = "<group>";
		};
		EB71780B1BD1F0CA00B56B3E /* P2EmailVerifierTests */ = {
			isa = PBXGroup;
			children = (
				EB71780C1BD1F0CA00B56B3E /* P2EmailVerifierTests.swift */,
				EB71780E1BD1F0CA00B56B3E /* Info.plist */,
			);
			path = P2EmailVerifierTests;
			sourceTree = "<group>";
		};
		EB7178161BD1F0CA00B56B3E /* P2EmailVerifierUITests */ = {
			isa = PBXGroup;
			children = (
				EB7178171BD1F0CA00B56B3E /* P2EmailVerifierUITests.swift */,
				EB7178191BD1F0CA00B56B3E /* Info.plist */,
			);
			path = P2EmailVerifierUITests;
			sourceTree = "<group>";
		};
		EB71783D1BD1FD2600B56B3E /* P2EmailVerifier */ = {
			isa = PBXGroup;
			children = (
				EB71783E1BD1FD5300B56B3E /* P2EmailVerifier.swift */,
			);
			name = P2EmailVerifier;
			sourceTree = "<group>";
		};
/* End PBXGroup section */

/* Begin PBXNativeTarget section */
		EB7177F31BD1F0CA00B56B3E /* P2EmailVerifier */ = {
			isa = PBXNativeTarget;
			buildConfigurationList = EB71781C1BD1F0CA00B56B3E /* Build configuration list for PBXNativeTarget "P2EmailVerifier" */;
			buildPhases = (
				EB7177F01BD1F0CA00B56B3E /* Sources */,
				EB7177F11BD1F0CA00B56B3E /* Frameworks */,
				EB7177F21BD1F0CA00B56B3E /* Resources */,
			);
			buildRules = (
			);
			dependencies = (
			);
			name = P2EmailVerifier;
			productName = P2EmailVerifier;
			productReference = EB7177F41BD1F0CA00B56B3E /* P2EmailVerifier.app */;
			productType = "com.apple.product-type.application";
		};
		EB7178071BD1F0CA00B56B3E /* P2EmailVerifierTests */ = {
			isa = PBXNativeTarget;
			buildConfigurationList = EB71781F1BD1F0CA00B56B3E /* Build configuration list for PBXNativeTarget "P2EmailVerifierTests" */;
			buildPhases = (
				EB7178041BD1F0CA00B56B3E /* Sources */,
				EB7178051BD1F0CA00B56B3E /* Frameworks */,
				EB7178061BD1F0CA00B56B3E /* Resources */,
			);
			buildRules = (
			);
			dependencies = (
				EB71780A1BD1F0CA00B56B3E /* PBXTargetDependency */,
			);
			name = P2EmailVerifierTests;
			productName = P2EmailVerifierTests;
			productReference = EB7178081BD1F0CA00B56B3E /* P2EmailVerifierTests.xctest */;
			productType = "com.apple.product-type.bundle.unit-test";
		};
		EB7178121BD1F0CA00B56B3E /* P2EmailVerifierUITests */ = {
			isa = PBXNativeTarget;
			buildConfigurationList = EB7178221BD1F0CA00B56B3E /* Build configuration list for PBXNativeTarget "P2EmailVerifierUITests" */;
			buildPhases = (
				EB71780F1BD1F0CA00B56B3E /* Sources */,
				EB7178101BD1F0CA00B56B3E /* Frameworks */,
				EB7178111BD1F0CA00B56B3E /* Resources */,
			);
			buildRules = (
			);
			dependencies = (
				EB7178151BD1F0CA00B56B3E /* PBXTargetDependency */,
			);
			name = P2EmailVerifierUITests;
			productName = P2EmailVerifierUITests;
			productReference = EB7178131BD1F0CA00B56B3E /* P2EmailVerifierUITests.xctest */;
			productType = "com.apple.product-type.bundle.ui-testing";
		};
/* End PBXNativeTarget section */

/* Begin PBXProject section */
		EB7177EC1BD1F0CA00B56B3E /* Project object */ = {
			isa = PBXProject;
			attributes = {
				LastUpgradeCheck = 0710;
				ORGANIZATIONNAME = p2made;
				TargetAttributes = {
					EB7177F31BD1F0CA00B56B3E = {
						CreatedOnToolsVersion = 7.1;
					};
					EB7178071BD1F0CA00B56B3E = {
						CreatedOnToolsVersion = 7.1;
						TestTargetID = EB7177F31BD1F0CA00B56B3E;
					};
					EB7178121BD1F0CA00B56B3E = {
						CreatedOnToolsVersion = 7.1;
						TestTargetID = EB7177F31BD1F0CA00B56B3E;
					};
				};
			};
			buildConfigurationList = EB7177EF1BD1F0CA00B56B3E /* Build configuration list for PBXProject "P2EmailVerifier" */;
			compatibilityVersion = "Xcode 3.2";
			developmentRegion = English;
			hasScannedForEncodings = 0;
			knownRegions = (
				en,
				Base,
			);
			mainGroup = EB7177EB1BD1F0CA00B56B3E;
			productRefGroup = EB7177F51BD1F0CA00B56B3E /* Products */;
			projectDirPath = "";
			projectRoot = "";
			targets = (
				EB7177F31BD1F0CA00B56B3E /* P2EmailVerifier */,
				EB7178071BD1F0CA00B56B3E /* P2EmailVerifierTests */,
				EB7178121BD1F0CA00B56B3E /* P2EmailVerifierUITests */,
			);
		};
/* End PBXProject section */

/* Begin PBXResourcesBuildPhase section */
		EB7177F21BD1F0CA00B56B3E /* Resources */ = {
			isa = PBXResourcesBuildPhase;
			buildActionMask = 2147483647;
			files = (
				EB7178271BD1F16900B56B3E /* LICENCE.txt in Resources */,
				EB7178021BD1F0CA00B56B3E /* LaunchScreen.storyboard in Resources */,
				EB7177FF1BD1F0CA00B56B3E /* Assets.xcassets in Resources */,
				EB7177FD1BD1F0CA00B56B3E /* Main.storyboard in Resources */,
			);
			runOnlyForDeploymentPostprocessing = 0;
		};
		EB7178061BD1F0CA00B56B3E /* Resources */ = {
			isa = PBXResourcesBuildPhase;
			buildActionMask = 2147483647;
			files = (
			);
			runOnlyForDeploymentPostprocessing = 0;
		};
		EB7178111BD1F0CA00B56B3E /* Resources */ = {
			isa = PBXResourcesBuildPhase;
			buildActionMask = 2147483647;
			files = (
			);
			runOnlyForDeploymentPostprocessing = 0;
		};
/* End PBXResourcesBuildPhase section */

/* Begin PBXSourcesBuildPhase section */
		EB7177F01BD1F0CA00B56B3E /* Sources */ = {
			isa = PBXSourcesBuildPhase;
			buildActionMask = 2147483647;
			files = (
				EB7177FA1BD1F0CA00B56B3E /* P2ViewController.swift in Sources */,
				EB7177F81BD1F0CA00B56B3E /* AppDelegate.swift in Sources */,
				EB71783F1BD1FD5300B56B3E /* P2EmailVerifier.swift in Sources */,
				EB7178281BD1F16900B56B3E /* README.markdown in Sources */,
			);
			runOnlyForDeploymentPostprocessing = 0;
		};
		EB7178041BD1F0CA00B56B3E /* Sources */ = {
			isa = PBXSourcesBuildPhase;
			buildActionMask = 2147483647;
			files = (
				EB71780D1BD1F0CA00B56B3E /* P2EmailVerifierTests.swift in Sources */,
			);
			runOnlyForDeploymentPostprocessing = 0;
		};
		EB71780F1BD1F0CA00B56B3E /* Sources */ = {
			isa = PBXSourcesBuildPhase;
			buildActionMask = 2147483647;
			files = (
				EB7178181BD1F0CA00B56B3E /* P2EmailVerifierUITests.swift in Sources */,
			);
			runOnlyForDeploymentPostprocessing = 0;
		};
/* End PBXSourcesBuildPhase section */

/* Begin PBXTargetDependency section */
		EB71780A1BD1F0CA00B56B3E /* PBXTargetDependency */ = {
			isa = PBXTargetDependency;
			target = EB7177F31BD1F0CA00B56B3E /* P2EmailVerifier */;
			targetProxy = EB7178091BD1F0CA00B56B3E /* PBXContainerItemProxy */;
		};
		EB7178151BD1F0CA00B56B3E /* PBXTargetDependency */ = {
			isa = PBXTargetDependency;
			target = EB7177F31BD1F0CA00B56B3E /* P2EmailVerifier */;
			targetProxy = EB7178141BD1F0CA00B56B3E /* PBXContainerItemProxy */;
		};
/* End PBXTargetDependency section */

/* Begin PBXVariantGroup section */
		EB7177FB1BD1F0CA00B56B3E /* Main.storyboard */ = {
			isa = PBXVariantGroup;
			children = (
				EB7177FC1BD1F0CA00B56B3E /* Base */,
			);
			name = Main.storyboard;
			sourceTree = "<group>";
		};
		EB7178001BD1F0CA00B56B3E /* LaunchScreen.storyboard */ = {
			isa = PBXVariantGroup;
			children = (
				EB7178011BD1F0CA00B56B3E /* Base */,
			);
			name = LaunchScreen.storyboard;
			sourceTree = "<group>";
		};
/* End PBXVariantGroup section */

/* Begin XCBuildConfiguration section */
		EB71781A1BD1F0CA00B56B3E /* Debug */ = {
			isa = XCBuildConfiguration;
			buildSettings = {
				ALWAYS_SEARCH_USER_PATHS = NO;
				CLANG_CXX_LANGUAGE_STANDARD = "gnu++0x";
				CLANG_CXX_LIBRARY = "libc++";
				CLANG_ENABLE_MODULES = YES;
				CLANG_ENABLE_OBJC_ARC = YES;
				CLANG_WARN_BOOL_CONVERSION = YES;
				CLANG_WARN_CONSTANT_CONVERSION = YES;
				CLANG_WARN_DIRECT_OBJC_ISA_USAGE = YES_ERROR;
				CLANG_WARN_EMPTY_BODY = YES;
				CLANG_WARN_ENUM_CONVERSION = YES;
				CLANG_WARN_INT_CONVERSION = YES;
				CLANG_WARN_OBJC_ROOT_CLASS = YES_ERROR;
				CLANG_WARN_UNREACHABLE_CODE = YES;
				CLANG_WARN__DUPLICATE_METHOD_MATCH = YES;
				"CODE_SIGN_IDENTITY[sdk=iphoneos*]" = "iPhone Developer";
				COPY_PHASE_STRIP = NO;
				DEBUG_INFORMATION_FORMAT = dwarf;
				ENABLE_STRICT_OBJC_MSGSEND = YES;
				ENABLE_TESTABILITY = YES;
				GCC_C_LANGUAGE_STANDARD = gnu99;
				GCC_DYNAMIC_NO_PIC = NO;
				GCC_NO_COMMON_BLOCKS = YES;
				GCC_OPTIMIZATION_LEVEL = 0;
				GCC_PREPROCESSOR_DEFINITIONS = (
					"DEBUG=1",
					"$(inherited)",
				);
				GCC_WARN_64_TO_32_BIT_CONVERSION = YES;
				GCC_WARN_ABOUT_RETURN_TYPE = YES_ERROR;
				GCC_WARN_UNDECLARED_SELECTOR = YES;
				GCC_WARN_UNINITIALIZED_AUTOS = YES_AGGRESSIVE;
				GCC_WARN_UNUSED_FUNCTION = YES;
				GCC_WARN_UNUSED_VARIABLE = YES;
				IPHONEOS_DEPLOYMENT_TARGET = 9.1;
				MTL_ENABLE_DEBUG_INFO = YES;
				ONLY_ACTIVE_ARCH = YES;
				SDKROOT = iphoneos;
				SWIFT_OPTIMIZATION_LEVEL = "-Onone";
			};
			name = Debug;
		};
		EB71781B1BD1F0CA00B56B3E /* Release */ = {
			isa = XCBuildConfiguration;
			buildSettings = {
				ALWAYS_SEARCH_USER_PATHS = NO;
				CLANG_CXX_LANGUAGE_STANDARD = "gnu++0x";
				CLANG_CXX_LIBRARY = "libc++";
				CLANG_ENABLE_MODULES = YES;
				CLANG_ENABLE_OBJC_ARC = YES;
				CLANG_WARN_BOOL_CONVERSION = YES;
				CLANG_WARN_CONSTANT_CONVERSION = YES;
				CLANG_WARN_DIRECT_OBJC_ISA_USAGE = YES_ERROR;
				CLANG_WARN_EMPTY_BODY = YES;
				CLANG_WARN_ENUM_CONVERSION = YES;
				CLANG_WARN_INT_CONVERSION = YES;
				CLANG_WARN_OBJC_ROOT_CLASS = YES_ERROR;
				CLANG_WARN_UNREACHABLE_CODE = YES;
				CLANG_WARN__DUPLICATE_METHOD_MATCH = YES;
				"CODE_SIGN_IDENTITY[sdk=iphoneos*]" = "iPhone Developer";
				COPY_PHASE_STRIP = NO;
				DEBUG_INFORMATION_FORMAT = "dwarf-with-dsym";
				ENABLE_NS_ASSERTIONS = NO;
				ENABLE_STRICT_OBJC_MSGSEND = YES;
				GCC_C_LANGUAGE_STANDARD = gnu99;
				GCC_NO_COMMON_BLOCKS = YES;
				GCC_WARN_64_TO_32_BIT_CONVERSION = YES;
				GCC_WARN_ABOUT_RETURN_TYPE = YES_ERROR;
				GCC_WARN_UNDECLARED_SELECTOR = YES;
				GCC_WARN_UNINITIALIZED_AUTOS = YES_AGGRESSIVE;
				GCC_WARN_UNUSED_FUNCTION = YES;
				GCC_WARN_UNUSED_VARIABLE = YES;
				IPHONEOS_DEPLOYMENT_TARGET = 9.1;
				MTL_ENABLE_DEBUG_INFO = NO;
				SDKROOT = iphoneos;
				VALIDATE_PRODUCT = YES;
			};
			name = Release;
		};
		EB71781D1BD1F0CA00B56B3E /* Debug */ = {
			isa = XCBuildConfiguration;
			buildSettings = {
				ASSETCATALOG_COMPILER_APPICON_NAME = AppIcon;
				INFOPLIST_FILE = P2EmailVerifier/Info.plist;
				LD_RUNPATH_SEARCH_PATHS = "$(inherited) @executable_path/Frameworks";
				PRODUCT_BUNDLE_IDENTIFIER = au.net.p2made.P2EmailVerifier;
				PRODUCT_NAME = "$(TARGET_NAME)";
			};
			name = Debug;
		};
		EB71781E1BD1F0CA00B56B3E /* Release */ = {
			isa = XCBuildConfiguration;
			buildSettings = {
				ASSETCATALOG_COMPILER_APPICON_NAME = AppIcon;
				INFOPLIST_FILE = P2EmailVerifier/Info.plist;
				LD_RUNPATH_SEARCH_PATHS = "$(inherited) @executable_path/Frameworks";
				PRODUCT_BUNDLE_IDENTIFIER = au.net.p2made.P2EmailVerifier;
				PRODUCT_NAME = "$(TARGET_NAME)";
			};
			name = Release;
		};
		EB7178201BD1F0CA00B56B3E /* Debug */ = {
			isa = XCBuildConfiguration;
			buildSettings = {
				BUNDLE_LOADER = "$(TEST_HOST)";
				INFOPLIST_FILE = P2EmailVerifierTests/Info.plist;
				LD_RUNPATH_SEARCH_PATHS = "$(inherited) @executable_path/Frameworks @loader_path/Frameworks";
				PRODUCT_BUNDLE_IDENTIFIER = au.net.p2made.P2EmailVerifierTests;
				PRODUCT_NAME = "$(TARGET_NAME)";
				TEST_HOST = "$(BUILT_PRODUCTS_DIR)/P2EmailVerifier.app/P2EmailVerifier";
			};
			name = Debug;
		};
		EB7178211BD1F0CA00B56B3E /* Release */ = {
			isa = XCBuildConfiguration;
			buildSettings = {
				BUNDLE_LOADER = "$(TEST_HOST)";
				INFOPLIST_FILE = P2EmailVerifierTests/Info.plist;
				LD_RUNPATH_SEARCH_PATHS = "$(inherited) @executable_path/Frameworks @loader_path/Frameworks";
				PRODUCT_BUNDLE_IDENTIFIER = au.net.p2made.P2EmailVerifierTests;
				PRODUCT_NAME = "$(TARGET_NAME)";
				TEST_HOST = "$(BUILT_PRODUCTS_DIR)/P2EmailVerifier.app/P2EmailVerifier";
			};
			name = Release;
		};
		EB7178231BD1F0CA00B56B3E /* Debug */ = {
			isa = XCBuildConfiguration;
			buildSettings = {
				INFOPLIST_FILE = P2EmailVerifierUITests/Info.plist;
				LD_RUNPATH_SEARCH_PATHS = "$(inherited) @executable_path/Frameworks @loader_path/Frameworks";
				PRODUCT_BUNDLE_IDENTIFIER = au.net.p2made.P2EmailVerifierUITests;
				PRODUCT_NAME = "$(TARGET_NAME)";
				TEST_TARGET_NAME = P2EmailVerifier;
				USES_XCTRUNNER = YES;
			};
			name = Debug;
		};
		EB7178241BD1F0CA00B56B3E /* Release */ = {
			isa = XCBuildConfiguration;
			buildSettings = {
				INFOPLIST_FILE = P2EmailVerifierUITests/Info.plist;
				LD_RUNPATH_SEARCH_PATHS = "$(inherited) @executable_path/Frameworks @loader_path/Frameworks";
				PRODUCT_BUNDLE_IDENTIFIER = au.net.p2made.P2EmailVerifierUITests;
				PRODUCT_NAME = "$(TARGET_NAME)";
				TEST_TARGET_NAME = P2EmailVerifier;
				USES_XCTRUNNER = YES;
			};
			name = Release;
		};
/* End XCBuildConfiguration section */

/* Begin XCConfigurationList section */
		EB7177EF1BD1F0CA00B56B3E /* Build configuration list for PBXProject "P2EmailVerifier" */ = {
			isa = XCConfigurationList;
			buildConfigurations = (
				EB71781A1BD1F0CA00B56B3E /* Debug */,
				EB71781B1BD1F0CA00B56B3E /* Release */,
			);
			defaultConfigurationIsVisible = 0;
			defaultConfigurationName = Release;
		};
		EB71781C1BD1F0CA00B56B3E /* Build configuration list for PBXNativeTarget "P2EmailVerifier" */ = {
			isa = XCConfigurationList;
			buildConfigurations = (
				EB71781D1BD1F0CA00B56B3E /* Debug */,
				EB71781E1BD1F0CA00B56B3E /* Release */,
			);
			defaultConfigurationIsVisible = 0;
		};
		EB71781F1BD1F0CA00B56B3E /* Build configuration list for PBXNativeTarget "P2EmailVerifierTests" */ = {
			isa = XCConfigurationList;
			buildConfigurations = (
				EB7178201BD1F0CA00B56B3E /* Debug */,
				EB7178211BD1F0CA00B56B3E /* Release */,
			);
			defaultConfigurationIsVisible = 0;
		};
		EB7178221BD1F0CA00B56B3E /* Build configuration list for PBXNativeTarget "P2EmailVerifierUITests" */ = {
			isa = XCConfigurationList;
			buildConfigurations = (
				EB7178231BD1F0CA00B56B3E /* Debug */,
				EB7178241BD1F0CA00B56B3E /* Release */,
			);
			defaultConfigurationIsVisible = 0;
		};
/* End XCConfigurationList section */
	};
	rootObject = EB7177EC1BD1F0CA00B56B3E /* Project object */;
}
